# This file is automatically @generated by Cargo.
# It is not intended for manual editing.
[[package]]
name = "ahash"
version = "0.4.6"
source = "registry+https://github.com/rust-lang/crates.io-index"
checksum = "f6789e291be47ace86a60303502173d84af8327e3627ecf334356ee0f87a164c"

[[package]]
name = "aoc2020"
version = "0.1.0"
dependencies = [
 "hashbrown",
 "itertools",
 "packed_simd",
 "permutohedron",
]

[[package]]
name = "cfg-if"
version = "0.1.10"
source = "registry+https://github.com/rust-lang/crates.io-index"
checksum = "4785bdd1c96b2a846b2bd7cc02e86b6b3dbf14e7e53446c4f54c92a361040822"

[[package]]
name = "either"
version = "1.5.3"
source = "registry+https://github.com/rust-lang/crates.io-index"
checksum = "bb1f6b1ce1c140482ea30ddd3335fc0024ac7ee112895426e0a629a6c20adfe3"

[[package]]
name = "hashbrown"
version = "0.9.1"
source = "registry+https://github.com/rust-lang/crates.io-index"
checksum = "d7afe4a420e3fe79967a00898cc1f4db7c8a49a9333a29f8a4bd76a253d5cd04"
dependencies = [
 "ahash",
]

[[package]]
name = "itertools"
version = "0.9.0"
source = "registry+https://github.com/rust-lang/crates.io-index"
checksum = "284f18f85651fe11e8a991b2adb42cb078325c996ed026d994719efcfca1d54b"
dependencies = [
 "either",
]

[[package]]
name = "packed_simd"
version = "0.3.3"
source = "registry+https://github.com/rust-lang/crates.io-index"
checksum = "a85ea9fc0d4ac0deb6fe7911d38786b32fc11119afd9e9d38b84ff691ce64220"
dependencies = [
 "cfg-if",
]

[[package]]
name = "permutohedron"
version = "0.2.4"
source = "registry+https://github.com/rust-lang/crates.io-index"
checksum = "b687ff7b5da449d39e418ad391e5e08da53ec334903ddbb921db208908fc372c"
